
Microsoft Visual Studio Solution File, Format Version 12.00
# Visual Studio Version 16
VisualStudioVersion = 16.0.29230.47
MinimumVisualStudioVersion = 10.0.40219.1
Project("{9092AA53-FB77-4645-B42D-1CCCA6BD08BD}") = "tsPractice", "tsPractice\tsPractice.njsproj", "{B6A90DBD-1A86-45F6-85D9-FF8BD0B42704}"
EndProject
Global
	GlobalSection(SolutionConfigurationPlatforms) = preSolution
		Debug|Any CPU = Debug|Any CPU
		Release|Any CPU = Release|Any CPU
	EndGlobalSection
	GlobalSection(ProjectConfigurationPlatforms) = postSolution
		{B6A90DBD-1A86-45F6-85D9-FF8BD0B42704}.Debug|Any CPU.ActiveCfg = Debug|Any CPU
		{B6A90DBD-1A86-45F6-85D9-FF8BD0B42704}.Debug|Any CPU.Build.0 = Debug|Any CPU
		{B6A90DBD-1A86-45F6-85D9-FF8BD0B42704}.Release|Any CPU.ActiveCfg = Release|Any CPU
		{B6A90DBD-1A86-45F6-85D9-FF8BD0B42704}.Release|Any CPU.Build.0 = Release|Any CPU
	EndGlobalSection
	GlobalSection(SolutionProperties) = preSolution
		HideSolutionNode = FALSE
	EndGlobalSection
	GlobalSection(ExtensibilityGlobals) = postSolution
		SolutionGuid = {813E2CBA-6B91-48F1-95E0-E27DC03DF87B}
	EndGlobalSection
EndGlobal
